
Microsoft Visual Studio Solution File, Format Version 12.00
# Visual Studio Version 17
VisualStudioVersion = 17.11.35222.181
MinimumVisualStudioVersion = 10.0.40219.1
Project("{8BC9CEB8-8B4A-11D0-8D11-00A0C91BC942}") = "lab3p1", "lab3p1\lab3p1.vcxproj", "{26E65D55-79BF-44E4-96BB-67D520A35349}"
EndProject
Global
	GlobalSection(SolutionConfigurationPlatforms) = preSolution
		Debug|x64 = Debug|x64
		Debug|x86 = Debug|x86
		Release|x64 = Release|x64
		Release|x86 = Release|x86
	EndGlobalSection
	GlobalSection(ProjectConfigurationPlatforms) = postSolution
		{26E65D55-79BF-44E4-96BB-67D520A35349}.Debug|x64.ActiveCfg = Debug|x64
		{26E65D55-79BF-44E4-96BB-67D520A35349}.Debug|x64.Build.0 = Debug|x64
		{26E65D55-79BF-44E4-96BB-67D520A35349}.Debug|x86.ActiveCfg = Debug|Win32
		{26E65D55-79BF-44E4-96BB-67D520A35349}.Debug|x86.Build.0 = Debug|Win32
		{26E65D55-79BF-44E4-96BB-67D520A35349}.Release|x64.ActiveCfg = Release|x64
		{26E65D55-79BF-44E4-96BB-67D520A35349}.Release|x64.Build.0 = Release|x64
		{26E65D55-79BF-44E4-96BB-67D520A35349}.Release|x86.ActiveCfg = Release|Win32
		{26E65D55-79BF-44E4-96BB-67D520A35349}.Release|x86.Build.0 = Release|Win32
	EndGlobalSection
	GlobalSection(SolutionProperties) = preSolution
		HideSolutionNode = FALSE
	EndGlobalSection
	GlobalSection(ExtensibilityGlobals) = postSolution
		SolutionGuid = {95EA3EB0-B3A7-4138-A9B9-66A2C55DD00A}
	EndGlobalSection
EndGlobal
